
Microsoft Visual Studio Solution File, Format Version 12.00
# Visual Studio Version 16
VisualStudioVersion = 16.0.31019.35
MinimumVisualStudioVersion = 10.0.40219.1
Project("{9A19103F-16F7-4668-BE54-9A1E7A4F7556}") = "CapaDatos", "CapaDatos\CapaDatos.csproj", "{0554650A-43E3-470F-A994-2A2851C6EC58}"
EndProject
Project("{FAE04EC0-301F-11D3-BF4B-00C04F79EFBC}") = "CapaDePresentacion", "CapaDePresentacion\CapaDePresentacion.csproj", "{D71263F9-51F3-4D22-A693-4D83D4482B12}"
EndProject
Project("{9A19103F-16F7-4668-BE54-9A1E7A4F7556}") = "CapaNegocioApp", "CapaNegocioApp\CapaNegocioApp.csproj", "{304EA9E9-5A86-4627-967B-DD911C885B2F}"
EndProject
Project("{9A19103F-16F7-4668-BE54-9A1E7A4F7556}") = "CapaEntidades", "CapaEntidades\CapaEntidades.csproj", "{22486B04-F24E-43F1-A37B-FEE7732ACD59}"
EndProject
Global
	GlobalSection(SolutionConfigurationPlatforms) = preSolution
		Debug|Any CPU = Debug|Any CPU
		Release|Any CPU = Release|Any CPU
	EndGlobalSection
	GlobalSection(ProjectConfigurationPlatforms) = postSolution
		{0554650A-43E3-470F-A994-2A2851C6EC58}.Debug|Any CPU.ActiveCfg = Debug|Any CPU
		{0554650A-43E3-470F-A994-2A2851C6EC58}.Debug|Any CPU.Build.0 = Debug|Any CPU
		{0554650A-43E3-470F-A994-2A2851C6EC58}.Release|Any CPU.ActiveCfg = Release|Any CPU
		{0554650A-43E3-470F-A994-2A2851C6EC58}.Release|Any CPU.Build.0 = Release|Any CPU
		{D71263F9-51F3-4D22-A693-4D83D4482B12}.Debug|Any CPU.ActiveCfg = Debug|Any CPU
		{D71263F9-51F3-4D22-A693-4D83D4482B12}.Debug|Any CPU.Build.0 = Debug|Any CPU
		{D71263F9-51F3-4D22-A693-4D83D4482B12}.Release|Any CPU.ActiveCfg = Release|Any CPU
		{D71263F9-51F3-4D22-A693-4D83D4482B12}.Release|Any CPU.Build.0 = Release|Any CPU
		{304EA9E9-5A86-4627-967B-DD911C885B2F}.Debug|Any CPU.ActiveCfg = Debug|Any CPU
		{304EA9E9-5A86-4627-967B-DD911C885B2F}.Debug|Any CPU.Build.0 = Debug|Any CPU
		{304EA9E9-5A86-4627-967B-DD911C885B2F}.Release|Any CPU.ActiveCfg = Release|Any CPU
		{304EA9E9-5A86-4627-967B-DD911C885B2F}.Release|Any CPU.Build.0 = Release|Any CPU
		{22486B04-F24E-43F1-A37B-FEE7732ACD59}.Debug|Any CPU.ActiveCfg = Debug|Any CPU
		{22486B04-F24E-43F1-A37B-FEE7732ACD59}.Debug|Any CPU.Build.0 = Debug|Any CPU
		{22486B04-F24E-43F1-A37B-FEE7732ACD59}.Release|Any CPU.ActiveCfg = Release|Any CPU
		{22486B04-F24E-43F1-A37B-FEE7732ACD59}.Release|Any CPU.Build.0 = Release|Any CPU
	EndGlobalSection
	GlobalSection(SolutionProperties) = preSolution
		HideSolutionNode = FALSE
	EndGlobalSection
	GlobalSection(ExtensibilityGlobals) = postSolution
		SolutionGuid = {CBC737A4-A13A-433D-BD80-593315CA9680}
	EndGlobalSection
EndGlobal
